
Microsoft Visual Studio Solution File, Format Version 12.00
# Visual Studio Version 16
VisualStudioVersion = 16.0.30907.101
MinimumVisualStudioVersion = 10.0.40219.1
Project("{9A19103F-16F7-4668-BE54-9A1E7A4F7556}") = "Lab1", "Lab1.csproj", "{155D0AB6-B70C-4F82-91F6-A48B4AF9941F}"
EndProject
Global
	GlobalSection(SolutionConfigurationPlatforms) = preSolution
		Debug|Any CPU = Debug|Any CPU
		Release|Any CPU = Release|Any CPU
	EndGlobalSection
	GlobalSection(ProjectConfigurationPlatforms) = postSolution
		{155D0AB6-B70C-4F82-91F6-A48B4AF9941F}.Debug|Any CPU.ActiveCfg = Debug|Any CPU
		{155D0AB6-B70C-4F82-91F6-A48B4AF9941F}.Debug|Any CPU.Build.0 = Debug|Any CPU
		{155D0AB6-B70C-4F82-91F6-A48B4AF9941F}.Release|Any CPU.ActiveCfg = Release|Any CPU
		{155D0AB6-B70C-4F82-91F6-A48B4AF9941F}.Release|Any CPU.Build.0 = Release|Any CPU
	EndGlobalSection
	GlobalSection(SolutionProperties) = preSolution
		HideSolutionNode = FALSE
	EndGlobalSection
	GlobalSection(ExtensibilityGlobals) = postSolution
		SolutionGuid = {320FE462-275B-4C15-A501-565279C912BE}
	EndGlobalSection
EndGlobal
